// !$*UTF8*$!
{
	archiveVersion = 1;
	classes = {
	};
	objectVersion = 46;
	objects = {

/* Begin PBXBuildFile section */
		2A5F484A1E03770F006AE5E9 /* AppDelegate.swift in Sources */ = {isa = PBXBuildFile; fileRef = 2A5F48491E03770F006AE5E9 /* AppDelegate.swift */; };
		2A5F484C1E03770F006AE5E9 /* ViewController.swift in Sources */ = {isa = PBXBuildFile; fileRef = 2A5F484B1E03770F006AE5E9 /* ViewController.swift */; };
		2A5F484F1E03770F006AE5E9 /* Main.storyboard in Resources */ = {isa = PBXBuildFile; fileRef = 2A5F484D1E03770F006AE5E9 /* Main.storyboard */; };
		2A5F48511E03770F006AE5E9 /* Assets.xcassets in Resources */ = {isa = PBXBuildFile; fileRef = 2A5F48501E03770F006AE5E9 /* Assets.xcassets */; };
		2A5F48541E03770F006AE5E9 /* LaunchScreen.storyboard in Resources */ = {isa = PBXBuildFile; fileRef = 2A5F48521E03770F006AE5E9 /* LaunchScreen.storyboard */; };
/* End PBXBuildFile section */

/* Begin PBXFileReference section */
		2A5F48461E03770F006AE5E9 /* app-Prefs.app */ = {isa = PBXFileReference; explicitFileType = wrapper.application; includeInIndex = 0; path = "app-Prefs.app"; sourceTree = BUILT_PRODUCTS_DIR; };
		2A5F48491E03770F006AE5E9 /* AppDelegate.swift */ = {isa = PBXFileReference; lastKnownFileType = sourcecode.swift; path = AppDelegate.swift; sourceTree = "<group>"; };
		2A5F484B1E03770F006AE5E9 /* ViewController.swift */ = {isa = PBXFileReference; lastKnownFileType = sourcecode.swift; path = ViewController.swift; sourceTree = "<group>"; };
		2A5F484E1E03770F006AE5E9 /* Base */ = {isa = PBXFileReference; lastKnownFileType = file.storyboard; name = Base; path = Base.lproj/Main.storyboard; sourceTree = "<group>"; };
		2A5F48501E03770F006AE5E9 /* Assets.xcassets */ = {isa = PBXFileReference; lastKnownFileType = folder.assetcatalog; path = Assets.xcassets; sourceTree = "<group>"; };
		2A5F48531E03770F006AE5E9 /* Base */ = {isa = PBXFileReference; lastKnownFileType = file.storyboard; name = Base; path = Base.lproj/LaunchScreen.storyboard; sourceTree = "<group>"; };
		2A5F48551E03770F006AE5E9 /* Info.plist */ = {isa = PBXFileReference; lastKnownFileType = text.plist.xml; path = Info.plist; sourceTree = "<group>"; };
/* End PBXFileReference section */

/* Begin PBXFrameworksBuildPhase section */
		2A5F48431E03770F006AE5E9 /* Frameworks */ = {
			isa = PBXFrameworksBuildPhase;
			buildActionMask = 2147483647;
			files = (
			);
			runOnlyForDeploymentPostprocessing = 0;
		};
/* End PBXFrameworksBuildPhase section */

/* Begin PBXGroup section */
		2A5F483D1E03770F006AE5E9 = {
			isa = PBXGroup;
			children = (
				2A5F48481E03770F006AE5E9 /* app-Prefs */,
				2A5F48471E03770F006AE5E9 /* Products */,
			);
			sourceTree = "<group>";
		};
		2A5F48471E03770F006AE5E9 /* Products */ = {
			isa = PBXGroup;
			children = (
				2A5F48461E03770F006AE5E9 /* app-Prefs.app */,
			);
			name = Products;
			sourceTree = "<group>";
		};
		2A5F48481E03770F006AE5E9 /* app-Prefs */ = {
			isa = PBXGroup;
			children = (
				2A5F48491E03770F006AE5E9 /* AppDelegate.swift */,
				2A5F484B1E03770F006AE5E9 /* ViewController.swift */,
				2A5F484D1E03770F006AE5E9 /* Main.storyboard */,
				2A5F48501E03770F006AE5E9 /* Assets.xcassets */,
				2A5F48521E03770F006AE5E9 /* LaunchScreen.storyboard */,
				2A5F48551E03770F006AE5E9 /* Info.plist */,
			);
			path = "app-Prefs";
			sourceTree = "<group>";
		};
/* End PBXGroup section */

/* Begin PBXNativeTarget section */
		2A5F48451E03770F006AE5E9 /* app-Prefs */ = {
			isa = PBXNativeTarget;
			buildConfigurationList = 2A5F48581E03770F006AE5E9 /* Build configuration list for PBXNativeTarget "app-Prefs" */;
			buildPhases = (
				2A5F48421E03770F006AE5E9 /* Sources */,
				2A5F48431E03770F006AE5E9 /* Frameworks */,
				2A5F48441E03770F006AE5E9 /* Resources */,
			);
			buildRules = (
			);
			dependencies = (
			);
			name = "app-Prefs";
			productName = "app-Prefs";
			productReference = 2A5F48461E03770F006AE5E9 /* app-Prefs.app */;
			productType = "com.apple.product-type.application";
		};
/* End PBXNativeTarget section */

/* Begin PBXProject section */
		2A5F483E1E03770F006AE5E9 /* Project object */ = {
			isa = PBXProject;
			attributes = {
				LastSwiftUpdateCheck = 0820;
				LastUpgradeCheck = 0820;
				ORGANIZATIONNAME = "成璐飞";
				TargetAttributes = {
					2A5F48451E03770F006AE5E9 = {
						CreatedOnToolsVersion = 8.2;
						DevelopmentTeam = N7XNKCS3XY;
						ProvisioningStyle = Automatic;
					};
				};
			};
			buildConfigurationList = 2A5F48411E03770F006AE5E9 /* Build configuration list for PBXProject "app-Prefs" */;
			compatibilityVersion = "Xcode 3.2";
			developmentRegion = English;
			hasScannedForEncodings = 0;
			knownRegions = (
				en,
				Base,
			);
			mainGroup = 2A5F483D1E03770F006AE5E9;
			productRefGroup = 2A5F48471E03770F006AE5E9 /* Products */;
			projectDirPath = "";
			projectRoot = "";
			targets = (
				2A5F48451E03770F006AE5E9 /* app-Prefs */,
			);
		};
/* End PBXProject section */

/* Begin PBXResourcesBuildPhase section */
		2A5F48441E03770F006AE5E9 /* Resources */ = {
			isa = PBXResourcesBuildPhase;
			buildActionMask = 2147483647;
			files = (
				2A5F48541E03770F006AE5E9 /* LaunchScreen.storyboard in Resources */,
				2A5F48511E03770F006AE5E9 /* Assets.xcassets in Resources */,
				2A5F484F1E03770F006AE5E9 /* Main.storyboard in Resources */,
			);
			runOnlyForDeploymentPostprocessing = 0;
		};
/* End PBXResourcesBuildPhase section */

/* Begin PBXSourcesBuildPhase section */
		2A5F48421E03770F006AE5E9 /* Sources */ = {
			isa = PBXSourcesBuildPhase;
			buildActionMask = 2147483647;
			files = (
				2A5F484C1E03770F006AE5E9 /* ViewController.swift in Sources */,
				2A5F484A1E03770F006AE5E9 /* AppDelegate.swift in Sources */,
			);
			runOnlyForDeploymentPostprocessing = 0;
		};
/* End PBXSourcesBuildPhase section */

/* Begin PBXVariantGroup section */
		2A5F484D1E03770F006AE5E9 /* Main.storyboard */ = {
			isa = PBXVariantGroup;
			children = (
				2A5F484E1E03770F006AE5E9 /* Base */,
			);
			name = Main.storyboard;
			sourceTree = "<group>";
		};
		2A5F48521E03770F006AE5E9 /* LaunchScreen.storyboard */ = {
			isa = PBXVariantGroup;
			children = (
				2A5F48531E03770F006AE5E9 /* Base */,
			);
			name = LaunchScreen.storyboard;
			sourceTree = "<group>";
		};
/* End PBXVariantGroup section */

/* Begin XCBuildConfiguration section */
		2A5F48561E03770F006AE5E9 /* Debug */ = {
			isa = XCBuildConfiguration;
			buildSettings = {
				ALWAYS_SEARCH_USER_PATHS = NO;
				CLANG_ANALYZER_NONNULL = YES;
				CLANG_CXX_LANGUAGE_STANDARD = "gnu++0x";
				CLANG_CXX_LIBRARY = "libc++";
				CLANG_ENABLE_MODULES = YES;
				CLANG_ENABLE_OBJC_ARC = YES;
				CLANG_WARN_BOOL_CONVERSION = YES;
				CLANG_WARN_CONSTANT_CONVERSION = YES;
				CLANG_WARN_DIRECT_OBJC_ISA_USAGE = YES_ERROR;
				CLANG_WARN_DOCUMENTATION_COMMENTS = YES;
				CLANG_WARN_EMPTY_BODY = YES;
				CLANG_WARN_ENUM_CONVERSION = YES;
				CLANG_WARN_INFINITE_RECURSION = YES;
				CLANG_WARN_INT_CONVERSION = YES;
				CLANG_WARN_OBJC_ROOT_CLASS = YES_ERROR;
				CLANG_WARN_SUSPICIOUS_MOVE = YES;
				CLANG_WARN_UNREACHABLE_CODE = YES;
				CLANG_WARN__DUPLICATE_METHOD_MATCH = YES;
				"CODE_SIGN_IDENTITY[sdk=iphoneos*]" = "iPhone Developer";
				COPY_PHASE_STRIP = NO;
				DEBUG_INFORMATION_FORMAT = dwarf;
				ENABLE_STRICT_OBJC_MSGSEND = YES;
				ENABLE_TESTABILITY = YES;
				GCC_C_LANGUAGE_STANDARD = gnu99;
				GCC_DYNAMIC_NO_PIC = NO;
				GCC_NO_COMMON_BLOCKS = YES;
				GCC_OPTIMIZATION_LEVEL = 0;
				GCC_PREPROCESSOR_DEFINITIONS = (
					"DEBUG=1",
					"$(inherited)",
				);
				GCC_WARN_64_TO_32_BIT_CONVERSION = YES;
				GCC_WARN_ABOUT_RETURN_TYPE = YES_ERROR;
				GCC_WARN_UNDECLARED_SELECTOR = YES;
				GCC_WARN_UNINITIALIZED_AUTOS = YES_AGGRESSIVE;
				GCC_WARN_UNUSED_FUNCTION = YES;
				GCC_WARN_UNUSED_VARIABLE = YES;
				IPHONEOS_DEPLOYMENT_TARGET = 10.2;
				MTL_ENABLE_DEBUG_INFO = YES;
				ONLY_ACTIVE_ARCH = YES;
				SDKROOT = iphoneos;
				SWIFT_ACTIVE_COMPILATION_CONDITIONS = DEBUG;
				SWIFT_OPTIMIZATION_LEVEL = "-Onone";
			};
			name = Debug;
		};
		2A5F48571E03770F006AE5E9 /* Release */ = {
			isa = XCBuildConfiguration;
			buildSettings = {
				ALWAYS_SEARCH_USER_PATHS = NO;
				CLANG_ANALYZER_NONNULL = YES;
				CLANG_CXX_LANGUAGE_STANDARD = "gnu++0x";
				CLANG_CXX_LIBRARY = "libc++";
				CLANG_ENABLE_MODULES = YES;
				CLANG_ENABLE_OBJC_ARC = YES;
				CLANG_WARN_BOOL_CONVERSION = YES;
				CLANG_WARN_CONSTANT_CONVERSION = YES;
				CLANG_WARN_DIRECT_OBJC_ISA_USAGE = YES_ERROR;
				CLANG_WARN_DOCUMENTATION_COMMENTS = YES;
				CLANG_WARN_EMPTY_BODY = YES;
				CLANG_WARN_ENUM_CONVERSION = YES;
				CLANG_WARN_INFINITE_RECURSION = YES;
				CLANG_WARN_INT_CONVERSION = YES;
				CLANG_WARN_OBJC_ROOT_CLASS = YES_ERROR;
				CLANG_WARN_SUSPICIOUS_MOVE = YES;
				CLANG_WARN_UNREACHABLE_CODE = YES;
				CLANG_WARN__DUPLICATE_METHOD_MATCH = YES;
				"CODE_SIGN_IDENTITY[sdk=iphoneos*]" = "iPhone Developer";
				COPY_PHASE_STRIP = NO;
				DEBUG_INFORMATION_FORMAT = "dwarf-with-dsym";
				ENABLE_NS_ASSERTIONS = NO;
				ENABLE_STRICT_OBJC_MSGSEND = YES;
				GCC_C_LANGUAGE_STANDARD = gnu99;
				GCC_NO_COMMON_BLOCKS = YES;
				GCC_WARN_64_TO_32_BIT_CONVERSION = YES;
				GCC_WARN_ABOUT_RETURN_TYPE = YES_ERROR;
				GCC_WARN_UNDECLARED_SELECTOR = YES;
				GCC_WARN_UNINITIALIZED_AUTOS = YES_AGGRESSIVE;
				GCC_WARN_UNUSED_FUNCTION = YES;
				GCC_WARN_UNUSED_VARIABLE = YES;
				IPHONEOS_DEPLOYMENT_TARGET = 10.2;
				MTL_ENABLE_DEBUG_INFO = NO;
				SDKROOT = iphoneos;
				SWIFT_OPTIMIZATION_LEVEL = "-Owholemodule";
				VALIDATE_PRODUCT = YES;
			};
			name = Release;
		};
		2A5F48591E03770F006AE5E9 /* Debug */ = {
			isa = XCBuildConfiguration;
			buildSettings = {
				ASSETCATALOG_COMPILER_APPICON_NAME = AppIcon;
				DEVELOPMENT_TEAM = N7XNKCS3XY;
				INFOPLIST_FILE = "app-Prefs/Info.plist";
				LD_RUNPATH_SEARCH_PATHS = "$(inherited) @executable_path/Frameworks";
				PRODUCT_BUNDLE_IDENTIFIER = "com.ChengLuffy.app-Prefs";
				PRODUCT_NAME = "$(TARGET_NAME)";
				SWIFT_VERSION = 3.0;
			};
			name = Debug;
		};
		2A5F485A1E03770F006AE5E9 /* Release */ = {
			isa = XCBuildConfiguration;
			buildSettings = {
				ASSETCATALOG_COMPILER_APPICON_NAME = AppIcon;
				DEVELOPMENT_TEAM = N7XNKCS3XY;
				INFOPLIST_FILE = "app-Prefs/Info.plist";
				LD_RUNPATH_SEARCH_PATHS = "$(inherited) @executable_path/Frameworks";
				PRODUCT_BUNDLE_IDENTIFIER = "com.ChengLuffy.app-Prefs";
				PRODUCT_NAME = "$(TARGET_NAME)";
				SWIFT_VERSION = 3.0;
			};
			name = Release;
		};
/* End XCBuildConfiguration section */

/* Begin XCConfigurationList section */
		2A5F48411E03770F006AE5E9 /* Build configuration list for PBXProject "app-Prefs" */ = {
			isa = XCConfigurationList;
			buildConfigurations = (
				2A5F48561E03770F006AE5E9 /* Debug */,
				2A5F48571E03770F006AE5E9 /* Release */,
			);
			defaultConfigurationIsVisible = 0;
			defaultConfigurationName = Release;
		};
		2A5F48581E03770F006AE5E9 /* Build configuration list for PBXNativeTarget "app-Prefs" */ = {
			isa = XCConfigurationList;
			buildConfigurations = (
				2A5F48591E03770F006AE5E9 /* Debug */,
				2A5F485A1E03770F006AE5E9 /* Release */,
			);
			defaultConfigurationIsVisible = 0;
		};
/* End XCConfigurationList section */
	};
	rootObject = 2A5F483E1E03770F006AE5E9 /* Project object */;
}
